
Microsoft Visual Studio Solution File, Format Version 12.00
# Visual Studio Version 16
VisualStudioVersion = 16.0.29709.97
MinimumVisualStudioVersion = 10.0.40219.1
Project("{FAE04EC0-301F-11D3-BF4B-00C04F79EFBC}") = "TP1_Heritage", "TP1_Heritage\TP1_Heritage.csproj", "{97523715-2963-41CC-ABB7-6B1010AA66D6}"
EndProject
Project("{FAE04EC0-301F-11D3-BF4B-00C04F79EFBC}") = "TP2_Linq", "TP2_Linq\TP2_Linq.csproj", "{9B263227-5874-4944-B3BB-9DB68C4E0BE4}"
EndProject
Project("{FAE04EC0-301F-11D3-BF4B-00C04F79EFBC}") = "TP3_Chats", "TP3_Chats\TP3_Chats.csproj", "{30FA3AF7-5522-4E29-8EDB-AA5CE44C631C}"
EndProject
Project("{FAE04EC0-301F-11D3-BF4B-00C04F79EFBC}") = "TP_Pizzas", "TP_Pizzas\TP_Pizzas.csproj", "{989591EE-99BF-420E-8F5B-DAC0E6738007}"
EndProject
Project("{FAE04EC0-301F-11D3-BF4B-00C04F79EFBC}") = "BO", "BO\BO.csproj", "{6066EAAA-6025-49BC-A1F3-FC6447C42CD9}"
EndProject
Global
	GlobalSection(SolutionConfigurationPlatforms) = preSolution
		Debug|Any CPU = Debug|Any CPU
		Release|Any CPU = Release|Any CPU
	EndGlobalSection
	GlobalSection(ProjectConfigurationPlatforms) = postSolution
		{97523715-2963-41CC-ABB7-6B1010AA66D6}.Debug|Any CPU.ActiveCfg = Debug|Any CPU
		{97523715-2963-41CC-ABB7-6B1010AA66D6}.Debug|Any CPU.Build.0 = Debug|Any CPU
		{97523715-2963-41CC-ABB7-6B1010AA66D6}.Release|Any CPU.ActiveCfg = Release|Any CPU
		{97523715-2963-41CC-ABB7-6B1010AA66D6}.Release|Any CPU.Build.0 = Release|Any CPU
		{9B263227-5874-4944-B3BB-9DB68C4E0BE4}.Debug|Any CPU.ActiveCfg = Debug|Any CPU
		{9B263227-5874-4944-B3BB-9DB68C4E0BE4}.Debug|Any CPU.Build.0 = Debug|Any CPU
		{9B263227-5874-4944-B3BB-9DB68C4E0BE4}.Release|Any CPU.ActiveCfg = Release|Any CPU
		{9B263227-5874-4944-B3BB-9DB68C4E0BE4}.Release|Any CPU.Build.0 = Release|Any CPU
		{30FA3AF7-5522-4E29-8EDB-AA5CE44C631C}.Debug|Any CPU.ActiveCfg = Debug|Any CPU
		{30FA3AF7-5522-4E29-8EDB-AA5CE44C631C}.Debug|Any CPU.Build.0 = Debug|Any CPU
		{30FA3AF7-5522-4E29-8EDB-AA5CE44C631C}.Release|Any CPU.ActiveCfg = Release|Any CPU
		{30FA3AF7-5522-4E29-8EDB-AA5CE44C631C}.Release|Any CPU.Build.0 = Release|Any CPU
		{989591EE-99BF-420E-8F5B-DAC0E6738007}.Debug|Any CPU.ActiveCfg = Debug|Any CPU
		{989591EE-99BF-420E-8F5B-DAC0E6738007}.Debug|Any CPU.Build.0 = Debug|Any CPU
		{989591EE-99BF-420E-8F5B-DAC0E6738007}.Release|Any CPU.ActiveCfg = Release|Any CPU
		{989591EE-99BF-420E-8F5B-DAC0E6738007}.Release|Any CPU.Build.0 = Release|Any CPU
		{6066EAAA-6025-49BC-A1F3-FC6447C42CD9}.Debug|Any CPU.ActiveCfg = Debug|Any CPU
		{6066EAAA-6025-49BC-A1F3-FC6447C42CD9}.Debug|Any CPU.Build.0 = Debug|Any CPU
		{6066EAAA-6025-49BC-A1F3-FC6447C42CD9}.Release|Any CPU.ActiveCfg = Release|Any CPU
		{6066EAAA-6025-49BC-A1F3-FC6447C42CD9}.Release|Any CPU.Build.0 = Release|Any CPU
	EndGlobalSection
	GlobalSection(SolutionProperties) = preSolution
		HideSolutionNode = FALSE
	EndGlobalSection
	GlobalSection(ExtensibilityGlobals) = postSolution
		SolutionGuid = {6D6000BC-616B-48BD-A036-A75E9371F34F}
	EndGlobalSection
EndGlobal
